
Microsoft Visual Studio Solution File, Format Version 12.00
# Visual Studio Version 16
VisualStudioVersion = 25.0.1704.3
MinimumVisualStudioVersion = 10.0.40219.1
Project("{FAE04EC0-301F-11D3-BF4B-00C04F79EFBC}") = "EventSourcing.Shared", "EventSourcing.Shared\EventSourcing.Shared.csproj", "{ACAC0F0B-24ED-420C-9141-A8E8A8293F2B}"
EndProject
Project("{FAE04EC0-301F-11D3-BF4B-00C04F79EFBC}") = "EventSourcing.API", "EventSourcing.API\EventSourcing.API.csproj", "{86033072-C43B-4107-BD2B-392AEFC5BD85}"
EndProject
Global
	GlobalSection(SolutionConfigurationPlatforms) = preSolution
		Debug|Any CPU = Debug|Any CPU
		Release|Any CPU = Release|Any CPU
	EndGlobalSection
	GlobalSection(ProjectConfigurationPlatforms) = postSolution
		{ACAC0F0B-24ED-420C-9141-A8E8A8293F2B}.Debug|Any CPU.ActiveCfg = Debug|Any CPU
		{ACAC0F0B-24ED-420C-9141-A8E8A8293F2B}.Debug|Any CPU.Build.0 = Debug|Any CPU
		{ACAC0F0B-24ED-420C-9141-A8E8A8293F2B}.Release|Any CPU.ActiveCfg = Release|Any CPU
		{ACAC0F0B-24ED-420C-9141-A8E8A8293F2B}.Release|Any CPU.Build.0 = Release|Any CPU
		{86033072-C43B-4107-BD2B-392AEFC5BD85}.Debug|Any CPU.ActiveCfg = Debug|Any CPU
		{86033072-C43B-4107-BD2B-392AEFC5BD85}.Debug|Any CPU.Build.0 = Debug|Any CPU
		{86033072-C43B-4107-BD2B-392AEFC5BD85}.Release|Any CPU.ActiveCfg = Release|Any CPU
		{86033072-C43B-4107-BD2B-392AEFC5BD85}.Release|Any CPU.Build.0 = Release|Any CPU
	EndGlobalSection
	GlobalSection(SolutionProperties) = preSolution
		HideSolutionNode = FALSE
	EndGlobalSection
	GlobalSection(ExtensibilityGlobals) = postSolution
		SolutionGuid = {C367F20E-E2E4-4934-82F6-4215142AFE25}
	EndGlobalSection
EndGlobal
